
Microsoft Visual Studio Solution File, Format Version 12.00
# Visual Studio Version 17
VisualStudioVersion = 17.5.002.0
MinimumVisualStudioVersion = 10.0.40219.1
Project("{9A19103F-16F7-4668-BE54-9A1E7A4F7556}") = "CSharp", "CSharp.csproj", "{31225F6E-A278-4B06-8A40-874060099D33}"
EndProject
Global
	GlobalSection(SolutionConfigurationPlatforms) = preSolution
		Debug|Any CPU = Debug|Any CPU
		Release|Any CPU = Release|Any CPU
	EndGlobalSection
	GlobalSection(ProjectConfigurationPlatforms) = postSolution
		{31225F6E-A278-4B06-8A40-874060099D33}.Debug|Any CPU.ActiveCfg = Debug|Any CPU
		{31225F6E-A278-4B06-8A40-874060099D33}.Debug|Any CPU.Build.0 = Debug|Any CPU
		{31225F6E-A278-4B06-8A40-874060099D33}.Release|Any CPU.ActiveCfg = Release|Any CPU
		{31225F6E-A278-4B06-8A40-874060099D33}.Release|Any CPU.Build.0 = Release|Any CPU
	EndGlobalSection
	GlobalSection(SolutionProperties) = preSolution
		HideSolutionNode = FALSE
	EndGlobalSection
	GlobalSection(ExtensibilityGlobals) = postSolution
		SolutionGuid = {CF24DF97-4628-4816-829D-5A8864F167F6}
	EndGlobalSection
EndGlobal
